version = 1
revision = 3
requires-python = ">=3.12"

[[package]]
name = "pdp1cc"
version = "0.1.0"
source = { editable = "." }
dependencies = [
    { name = "pycparser" },
    { name = "pycparserext" },
]

[package.metadata]
requires-dist = [
    { name = "pycparser", specifier = "==3.11" },
    { name = "pycparserext", specifier = "==2026.1" },
]

[[package]]
name = "pycparser"
version = "3.11"
source = { registry = "https://pypi.org/simple" }
sdist = { url = "https://files.pythonhosted.org/packages/da/a8/c5fdbeee588bb8ada9458774f43adf1bdd30bd59157055142183e769a024/pycparser-3.11.tar.gz", hash = "sha256:d875f09c3507d00e1aba0eecc6dcadc1352f30fff09dc6bff2f1c2935e97c2bc", size = 113796, upload-time = "2026-10-09T12:56:59.539Z" }
wheels = [
    { url = "https://files.pythonhosted.org/packages/90/11/0e6f11117525ff0eec40ebac3d313376f102df93ca44ad9e893ee85e4f89/pycparser-3.11-py3-none-any.whl", hash = "sha256:51d5a8ba2be0bbe440b99d2112604c95bbbc3c2748a64260186c541e1729cd80", size = 51178, upload-time = "2026-10-09T12:56:58.131Z" },
]

[[package]]
name = "pycparserext"
version = "2026.1"
source = { registry = "https://pypi.org/simple" }
dependencies = [
    { name = "pycparser" },
]
sdist = { url = "https://files.pythonhosted.org/packages/88/96/17516940cbd34f9eca2700bd2c24f7fd3dd2226b0fb05a37a939ca4af4df/pycparserext-2026.1.tar.gz", hash = "sha256:33c9b724e7e78832075b3eb0d8569f5def5b9667944d22b6651d828796dc512a", size = 12263, upload-time = "2026-05-20T14:03:30.785Z" }
wheels = [
    { url = "https://files.pythonhosted.org/packages/9b/c6/2ae48b3a9453e562376a7ef33de9e5666e657f236aad033df20f77f23303/pycparserext-2026.1-py3-none-any.whl", hash = "sha256:e9fb328da6a4e3dc89db1ffbd31df64aad2aa5cf16491e2caaf69e992f0803da", size = 13325, upload-time = "2026-05-20T14:03:29.755Z" },
]
